// !$*UTF8*$!
{
	archiveVersion = 1;
	classes = {
	};
	objectVersion = 56;
	objects = {

/* Begin PBXBuildFile section */
		A1181F8A29561A2D004EA2B5 /* ColorScheme.swift in Sources */ = {isa = PBXBuildFile; fileRef = A1181F7329561A2D004EA2B5 /* ColorScheme.swift */; };
		A1181F8B29561A2D004EA2B5 /* TrimmedWrapper.swift in Sources */ = {isa = PBXBuildFile; fileRef = A1181F7429561A2D004EA2B5 /* TrimmedWrapper.swift */; };
		A1181F8C29561A2D004EA2B5 /* Date+Extensions.swift in Sources */ = {isa = PBXBuildFile; fileRef = A1181F7529561A2D004EA2B5 /* Date+Extensions.swift */; };
		A1181F8D29561A2D004EA2B5 /* FontManager.swift in Sources */ = {isa = PBXBuildFile; fileRef = A1181F7729561A2D004EA2B5 /* FontManager.swift */; };
		A1181F8E29561A2D004EA2B5 /* Manrope-Regular.ttf in Resources */ = {isa = PBXBuildFile; fileRef = A1181F7929561A2D004EA2B5 /* Manrope-Regular.ttf */; };
		A1181F8F29561A2D004EA2B5 /* Manrope-Light.ttf in Resources */ = {isa = PBXBuildFile; fileRef = A1181F7A29561A2D004EA2B5 /* Manrope-Light.ttf */; };
		A1181F9029561A2D004EA2B5 /* Manrope-Bold.ttf in Resources */ = {isa = PBXBuildFile; fileRef = A1181F7B29561A2D004EA2B5 /* Manrope-Bold.ttf */; };
		A1181F9129561A2D004EA2B5 /* Persistence.swift in Sources */ = {isa = PBXBuildFile; fileRef = A1181F7D29561A2D004EA2B5 /* Persistence.swift */; };
		A1181F9229561A2D004EA2B5 /* PhotoNote.swift in Sources */ = {isa = PBXBuildFile; fileRef = A1181F7E29561A2D004EA2B5 /* PhotoNote.swift */; };
		A1181F9329561A2D004EA2B5 /* PersistenceErrors.swift in Sources */ = {isa = PBXBuildFile; fileRef = A1181F7F29561A2D004EA2B5 /* PersistenceErrors.swift */; };
		A1181F9629561A2D004EA2B5 /* GalleryCoordinator.swift in Sources */ = {isa = PBXBuildFile; fileRef = A1181F8629561A2D004EA2B5 /* GalleryCoordinator.swift */; };
		A1181F9729561A2D004EA2B5 /* ContentView.swift in Sources */ = {isa = PBXBuildFile; fileRef = A1181F8829561A2D004EA2B5 /* ContentView.swift */; };
		A1181F9829561A2D004EA2B5 /* CoordinatorProtocol.swift in Sources */ = {isa = PBXBuildFile; fileRef = A1181F8929561A2D004EA2B5 /* CoordinatorProtocol.swift */; };
		A1181F9C29561B4C004EA2B5 /* AppCoordinator.swift in Sources */ = {isa = PBXBuildFile; fileRef = A1181F9A29561B4C004EA2B5 /* AppCoordinator.swift */; };
		A1181F9D29561B4C004EA2B5 /* AppNavigationView.swift in Sources */ = {isa = PBXBuildFile; fileRef = A1181F9B29561B4C004EA2B5 /* AppNavigationView.swift */; };
		A124C47C2956155D009C4BA3 /* AppDelegate.swift in Sources */ = {isa = PBXBuildFile; fileRef = A124C47B2956155D009C4BA3 /* AppDelegate.swift */; };
		A124C47E2956155D009C4BA3 /* SceneDelegate.swift in Sources */ = {isa = PBXBuildFile; fileRef = A124C47D2956155D009C4BA3 /* SceneDelegate.swift */; };
		A124C4862956155D009C4BA3 /* PhotoNotes.xcdatamodeld in Sources */ = {isa = PBXBuildFile; fileRef = A124C4842956155D009C4BA3 /* PhotoNotes.xcdatamodeld */; };
		A124C4882956155E009C4BA3 /* Assets.xcassets in Resources */ = {isa = PBXBuildFile; fileRef = A124C4872956155E009C4BA3 /* Assets.xcassets */; };
		A124C48B2956155E009C4BA3 /* LaunchScreen.storyboard in Resources */ = {isa = PBXBuildFile; fileRef = A124C4892956155E009C4BA3 /* LaunchScreen.storyboard */; };
/* End PBXBuildFile section */

/* Begin PBXFileReference section */
		A1181F7329561A2D004EA2B5 /* ColorScheme.swift */ = {isa = PBXFileReference; fileEncoding = 4; lastKnownFileType = sourcecode.swift; path = ColorScheme.swift; sourceTree = "<group>"; };
		A1181F7429561A2D004EA2B5 /* TrimmedWrapper.swift */ = {isa = PBXFileReference; fileEncoding = 4; lastKnownFileType = sourcecode.swift; path = TrimmedWrapper.swift; sourceTree = "<group>"; };
		A1181F7529561A2D004EA2B5 /* Date+Extensions.swift */ = {isa = PBXFileReference; fileEncoding = 4; lastKnownFileType = sourcecode.swift; path = "Date+Extensions.swift"; sourceTree = "<group>"; };
		A1181F7729561A2D004EA2B5 /* FontManager.swift */ = {isa = PBXFileReference; fileEncoding = 4; lastKnownFileType = sourcecode.swift; path = FontManager.swift; sourceTree = "<group>"; };
		A1181F7929561A2D004EA2B5 /* Manrope-Regular.ttf */ = {isa = PBXFileReference; lastKnownFileType = file; path = "Manrope-Regular.ttf"; sourceTree = "<group>"; };
		A1181F7A29561A2D004EA2B5 /* Manrope-Light.ttf */ = {isa = PBXFileReference; lastKnownFileType = file; path = "Manrope-Light.ttf"; sourceTree = "<group>"; };
		A1181F7B29561A2D004EA2B5 /* Manrope-Bold.ttf */ = {isa = PBXFileReference; lastKnownFileType = file; path = "Manrope-Bold.ttf"; sourceTree = "<group>"; };
		A1181F7D29561A2D004EA2B5 /* Persistence.swift */ = {isa = PBXFileReference; fileEncoding = 4; lastKnownFileType = sourcecode.swift; path = Persistence.swift; sourceTree = "<group>"; };
		A1181F7E29561A2D004EA2B5 /* PhotoNote.swift */ = {isa = PBXFileReference; fileEncoding = 4; lastKnownFileType = sourcecode.swift; path = PhotoNote.swift; sourceTree = "<group>"; };
		A1181F7F29561A2D004EA2B5 /* PersistenceErrors.swift */ = {isa = PBXFileReference; fileEncoding = 4; lastKnownFileType = sourcecode.swift; path = PersistenceErrors.swift; sourceTree = "<group>"; };
		A1181F8629561A2D004EA2B5 /* GalleryCoordinator.swift */ = {isa = PBXFileReference; fileEncoding = 4; lastKnownFileType = sourcecode.swift; path = GalleryCoordinator.swift; sourceTree = "<group>"; };
		A1181F8829561A2D004EA2B5 /* ContentView.swift */ = {isa = PBXFileReference; fileEncoding = 4; lastKnownFileType = sourcecode.swift; path = ContentView.swift; sourceTree = "<group>"; };
		A1181F8929561A2D004EA2B5 /* CoordinatorProtocol.swift */ = {isa = PBXFileReference; fileEncoding = 4; lastKnownFileType = sourcecode.swift; path = CoordinatorProtocol.swift; sourceTree = "<group>"; };
		A1181F9A29561B4C004EA2B5 /* AppCoordinator.swift */ = {isa = PBXFileReference; fileEncoding = 4; lastKnownFileType = sourcecode.swift; path = AppCoordinator.swift; sourceTree = "<group>"; };
		A1181F9B29561B4C004EA2B5 /* AppNavigationView.swift */ = {isa = PBXFileReference; fileEncoding = 4; lastKnownFileType = sourcecode.swift; path = AppNavigationView.swift; sourceTree = "<group>"; };
		A124C4782956155D009C4BA3 /* PhotoNotes.app */ = {isa = PBXFileReference; explicitFileType = wrapper.application; includeInIndex = 0; path = PhotoNotes.app; sourceTree = BUILT_PRODUCTS_DIR; };
		A124C47B2956155D009C4BA3 /* AppDelegate.swift */ = {isa = PBXFileReference; lastKnownFileType = sourcecode.swift; path = AppDelegate.swift; sourceTree = "<group>"; };
		A124C47D2956155D009C4BA3 /* SceneDelegate.swift */ = {isa = PBXFileReference; lastKnownFileType = sourcecode.swift; path = SceneDelegate.swift; sourceTree = "<group>"; };
		A124C4852956155D009C4BA3 /* PhotoNotes.xcdatamodel */ = {isa = PBXFileReference; lastKnownFileType = wrapper.xcdatamodel; path = PhotoNotes.xcdatamodel; sourceTree = "<group>"; };
		A124C4872956155E009C4BA3 /* Assets.xcassets */ = {isa = PBXFileReference; lastKnownFileType = folder.assetcatalog; name = Assets.xcassets; path = PhotoNotes/Assets/Assets.xcassets; sourceTree = SOURCE_ROOT; };
		A124C48A2956155E009C4BA3 /* Base */ = {isa = PBXFileReference; lastKnownFileType = file.storyboard; name = Base; path = Base.lproj/LaunchScreen.storyboard; sourceTree = "<group>"; };
		A124C48C2956155E009C4BA3 /* Info.plist */ = {isa = PBXFileReference; lastKnownFileType = text.plist.xml; path = Info.plist; sourceTree = "<group>"; };
/* End PBXFileReference section */

/* Begin PBXFrameworksBuildPhase section */
		A124C4752956155D009C4BA3 /* Frameworks */ = {
			isa = PBXFrameworksBuildPhase;
			buildActionMask = 2147483647;
			files = (
			);
			runOnlyForDeploymentPostprocessing = 0;
		};
/* End PBXFrameworksBuildPhase section */

/* Begin PBXGroup section */
		A1181F7229561A2D004EA2B5 /* Helpers */ = {
			isa = PBXGroup;
			children = (
				A1181F7329561A2D004EA2B5 /* ColorScheme.swift */,
				A1181F7429561A2D004EA2B5 /* TrimmedWrapper.swift */,
				A1181F7529561A2D004EA2B5 /* Date+Extensions.swift */,
				A1181F7629561A2D004EA2B5 /* Fonts */,
			);
			path = Helpers;
			sourceTree = "<group>";
		};
		A1181F7629561A2D004EA2B5 /* Fonts */ = {
			isa = PBXGroup;
			children = (
				A1181F7729561A2D004EA2B5 /* FontManager.swift */,
				A1181F7829561A2D004EA2B5 /* Manrope */,
			);
			path = Fonts;
			sourceTree = "<group>";
		};
		A1181F7829561A2D004EA2B5 /* Manrope */ = {
			isa = PBXGroup;
			children = (
				A1181F7929561A2D004EA2B5 /* Manrope-Regular.ttf */,
				A1181F7A29561A2D004EA2B5 /* Manrope-Light.ttf */,
				A1181F7B29561A2D004EA2B5 /* Manrope-Bold.ttf */,
			);
			path = Manrope;
			sourceTree = "<group>";
		};
		A1181F7C29561A2D004EA2B5 /* DB */ = {
			isa = PBXGroup;
			children = (
				A1181F7D29561A2D004EA2B5 /* Persistence.swift */,
				A1181F7E29561A2D004EA2B5 /* PhotoNote.swift */,
				A1181F7F29561A2D004EA2B5 /* PersistenceErrors.swift */,
				A124C4842956155D009C4BA3 /* PhotoNotes.xcdatamodeld */,
			);
			path = DB;
			sourceTree = "<group>";
		};
		A1181F8029561A2D004EA2B5 /* Assets */ = {
			isa = PBXGroup;
			children = (
				A124C4872956155E009C4BA3 /* Assets.xcassets */,
			);
			path = Assets;
			sourceTree = "<group>";
		};
		A1181F8429561A2D004EA2B5 /* Flows */ = {
			isa = PBXGroup;
			children = (
				A1181F8529561A2D004EA2B5 /* Gallery */,
				A1181F8929561A2D004EA2B5 /* CoordinatorProtocol.swift */,
			);
			path = Flows;
			sourceTree = "<group>";
		};
		A1181F8529561A2D004EA2B5 /* Gallery */ = {
			isa = PBXGroup;
			children = (
				A1181F8629561A2D004EA2B5 /* GalleryCoordinator.swift */,
				A1181F8729561A2D004EA2B5 /* GalleryScreen */,
			);
			path = Gallery;
			sourceTree = "<group>";
		};
		A1181F8729561A2D004EA2B5 /* GalleryScreen */ = {
			isa = PBXGroup;
			children = (
				A1181F8829561A2D004EA2B5 /* ContentView.swift */,
			);
			path = GalleryScreen;
			sourceTree = "<group>";
		};
		A1181F9929561B4C004EA2B5 /* App */ = {
			isa = PBXGroup;
			children = (
				A124C4892956155E009C4BA3 /* LaunchScreen.storyboard */,
				A124C47B2956155D009C4BA3 /* AppDelegate.swift */,
				A124C47D2956155D009C4BA3 /* SceneDelegate.swift */,
				A1181F9A29561B4C004EA2B5 /* AppCoordinator.swift */,
				A1181F9B29561B4C004EA2B5 /* AppNavigationView.swift */,
			);
			path = App;
			sourceTree = "<group>";
		};
		A124C46F2956155D009C4BA3 = {
			isa = PBXGroup;
			children = (
				A124C47A2956155D009C4BA3 /* PhotoNotes */,
				A124C4792956155D009C4BA3 /* Products */,
			);
			sourceTree = "<group>";
		};
		A124C4792956155D009C4BA3 /* Products */ = {
			isa = PBXGroup;
			children = (
				A124C4782956155D009C4BA3 /* PhotoNotes.app */,
			);
			name = Products;
			sourceTree = "<group>";
		};
		A124C47A2956155D009C4BA3 /* PhotoNotes */ = {
			isa = PBXGroup;
			children = (
				A1181F9929561B4C004EA2B5 /* App */,
				A1181F8029561A2D004EA2B5 /* Assets */,
				A1181F7C29561A2D004EA2B5 /* DB */,
				A1181F8429561A2D004EA2B5 /* Flows */,
				A1181F7229561A2D004EA2B5 /* Helpers */,
				A124C48C2956155E009C4BA3 /* Info.plist */,
			);
			path = PhotoNotes;
			sourceTree = "<group>";
		};
/* End PBXGroup section */

/* Begin PBXNativeTarget section */
		A124C4772956155D009C4BA3 /* PhotoNotes */ = {
			isa = PBXNativeTarget;
			buildConfigurationList = A124C48F2956155E009C4BA3 /* Build configuration list for PBXNativeTarget "PhotoNotes" */;
			buildPhases = (
				A124C4742956155D009C4BA3 /* Sources */,
				A124C4752956155D009C4BA3 /* Frameworks */,
				A124C4762956155D009C4BA3 /* Resources */,
			);
			buildRules = (
			);
			dependencies = (
			);
			name = PhotoNotes;
			productName = PhotoNotes;
			productReference = A124C4782956155D009C4BA3 /* PhotoNotes.app */;
			productType = "com.apple.product-type.application";
		};
/* End PBXNativeTarget section */

/* Begin PBXProject section */
		A124C4702956155D009C4BA3 /* Project object */ = {
			isa = PBXProject;
			attributes = {
				BuildIndependentTargetsInParallel = 1;
				LastSwiftUpdateCheck = 1400;
				LastUpgradeCheck = 1400;
				TargetAttributes = {
					A124C4772956155D009C4BA3 = {
						CreatedOnToolsVersion = 14.0.1;
					};
				};
			};
			buildConfigurationList = A124C4732956155D009C4BA3 /* Build configuration list for PBXProject "PhotoNotes" */;
			compatibilityVersion = "Xcode 14.0";
			developmentRegion = en;
			hasScannedForEncodings = 0;
			knownRegions = (
				en,
				Base,
			);
			mainGroup = A124C46F2956155D009C4BA3;
			productRefGroup = A124C4792956155D009C4BA3 /* Products */;
			projectDirPath = "";
			projectRoot = "";
			targets = (
				A124C4772956155D009C4BA3 /* PhotoNotes */,
			);
		};
/* End PBXProject section */

/* Begin PBXResourcesBuildPhase section */
		A124C4762956155D009C4BA3 /* Resources */ = {
			isa = PBXResourcesBuildPhase;
			buildActionMask = 2147483647;
			files = (
				A1181F8F29561A2D004EA2B5 /* Manrope-Light.ttf in Resources */,
				A1181F9029561A2D004EA2B5 /* Manrope-Bold.ttf in Resources */,
				A124C48B2956155E009C4BA3 /* LaunchScreen.storyboard in Resources */,
				A124C4882956155E009C4BA3 /* Assets.xcassets in Resources */,
				A1181F8E29561A2D004EA2B5 /* Manrope-Regular.ttf in Resources */,
			);
			runOnlyForDeploymentPostprocessing = 0;
		};
/* End PBXResourcesBuildPhase section */

/* Begin PBXSourcesBuildPhase section */
		A124C4742956155D009C4BA3 /* Sources */ = {
			isa = PBXSourcesBuildPhase;
			buildActionMask = 2147483647;
			files = (
				A1181F9829561A2D004EA2B5 /* CoordinatorProtocol.swift in Sources */,
				A1181F9229561A2D004EA2B5 /* PhotoNote.swift in Sources */,
				A1181F9329561A2D004EA2B5 /* PersistenceErrors.swift in Sources */,
				A1181F9129561A2D004EA2B5 /* Persistence.swift in Sources */,
				A1181F8A29561A2D004EA2B5 /* ColorScheme.swift in Sources */,
				A1181F8C29561A2D004EA2B5 /* Date+Extensions.swift in Sources */,
				A124C47C2956155D009C4BA3 /* AppDelegate.swift in Sources */,
				A124C4862956155D009C4BA3 /* PhotoNotes.xcdatamodeld in Sources */,
				A1181F8B29561A2D004EA2B5 /* TrimmedWrapper.swift in Sources */,
				A1181F8D29561A2D004EA2B5 /* FontManager.swift in Sources */,
				A1181F9729561A2D004EA2B5 /* ContentView.swift in Sources */,
				A1181F9C29561B4C004EA2B5 /* AppCoordinator.swift in Sources */,
				A124C47E2956155D009C4BA3 /* SceneDelegate.swift in Sources */,
				A1181F9D29561B4C004EA2B5 /* AppNavigationView.swift in Sources */,
				A1181F9629561A2D004EA2B5 /* GalleryCoordinator.swift in Sources */,
			);
			runOnlyForDeploymentPostprocessing = 0;
		};
/* End PBXSourcesBuildPhase section */

/* Begin PBXVariantGroup section */
		A124C4892956155E009C4BA3 /* LaunchScreen.storyboard */ = {
			isa = PBXVariantGroup;
			children = (
				A124C48A2956155E009C4BA3 /* Base */,
			);
			name = LaunchScreen.storyboard;
			sourceTree = "<group>";
		};
/* End PBXVariantGroup section */

/* Begin XCBuildConfiguration section */
		A124C48D2956155E009C4BA3 /* Debug */ = {
			isa = XCBuildConfiguration;
			buildSettings = {
				ALWAYS_SEARCH_USER_PATHS = NO;
				CLANG_ANALYZER_NONNULL = YES;
				CLANG_ANALYZER_NUMBER_OBJECT_CONVERSION = YES_AGGRESSIVE;
				CLANG_CXX_LANGUAGE_STANDARD = "gnu++20";
				CLANG_ENABLE_MODULES = YES;
				CLANG_ENABLE_OBJC_ARC = YES;
				CLANG_ENABLE_OBJC_WEAK = YES;
				CLANG_WARN_BLOCK_CAPTURE_AUTORELEASING = YES;
				CLANG_WARN_BOOL_CONVERSION = YES;
				CLANG_WARN_COMMA = YES;
				CLANG_WARN_CONSTANT_CONVERSION = YES;
				CLANG_WARN_DEPRECATED_OBJC_IMPLEMENTATIONS = YES;
				CLANG_WARN_DIRECT_OBJC_ISA_USAGE = YES_ERROR;
				CLANG_WARN_DOCUMENTATION_COMMENTS = YES;
				CLANG_WARN_EMPTY_BODY = YES;
				CLANG_WARN_ENUM_CONVERSION = YES;
				CLANG_WARN_INFINITE_RECURSION = YES;
				CLANG_WARN_INT_CONVERSION = YES;
				CLANG_WARN_NON_LITERAL_NULL_CONVERSION = YES;
				CLANG_WARN_OBJC_IMPLICIT_RETAIN_SELF = YES;
				CLANG_WARN_OBJC_LITERAL_CONVERSION = YES;
				CLANG_WARN_OBJC_ROOT_CLASS = YES_ERROR;
				CLANG_WARN_QUOTED_INCLUDE_IN_FRAMEWORK_HEADER = YES;
				CLANG_WARN_RANGE_LOOP_ANALYSIS = YES;
				CLANG_WARN_STRICT_PROTOTYPES = YES;
				CLANG_WARN_SUSPICIOUS_MOVE = YES;
				CLANG_WARN_UNGUARDED_AVAILABILITY = YES_AGGRESSIVE;
				CLANG_WARN_UNREACHABLE_CODE = YES;
				CLANG_WARN__DUPLICATE_METHOD_MATCH = YES;
				COPY_PHASE_STRIP = NO;
				DEBUG_INFORMATION_FORMAT = dwarf;
				ENABLE_STRICT_OBJC_MSGSEND = YES;
				ENABLE_TESTABILITY = YES;
				GCC_C_LANGUAGE_STANDARD = gnu11;
				GCC_DYNAMIC_NO_PIC = NO;
				GCC_NO_COMMON_BLOCKS = YES;
				GCC_OPTIMIZATION_LEVEL = 0;
				GCC_PREPROCESSOR_DEFINITIONS = (
					"DEBUG=1",
					"$(inherited)",
				);
				GCC_WARN_64_TO_32_BIT_CONVERSION = YES;
				GCC_WARN_ABOUT_RETURN_TYPE = YES_ERROR;
				GCC_WARN_UNDECLARED_SELECTOR = YES;
				GCC_WARN_UNINITIALIZED_AUTOS = YES_AGGRESSIVE;
				GCC_WARN_UNUSED_FUNCTION = YES;
				GCC_WARN_UNUSED_VARIABLE = YES;
				IPHONEOS_DEPLOYMENT_TARGET = 16.0;
				MTL_ENABLE_DEBUG_INFO = INCLUDE_SOURCE;
				MTL_FAST_MATH = YES;
				ONLY_ACTIVE_ARCH = YES;
				SDKROOT = iphoneos;
				SWIFT_ACTIVE_COMPILATION_CONDITIONS = DEBUG;
				SWIFT_OPTIMIZATION_LEVEL = "-Onone";
			};
			name = Debug;
		};
		A124C48E2956155E009C4BA3 /* Release */ = {
			isa = XCBuildConfiguration;
			buildSettings = {
				ALWAYS_SEARCH_USER_PATHS = NO;
				CLANG_ANALYZER_NONNULL = YES;
				CLANG_ANALYZER_NUMBER_OBJECT_CONVERSION = YES_AGGRESSIVE;
				CLANG_CXX_LANGUAGE_STANDARD = "gnu++20";
				CLANG_ENABLE_MODULES = YES;
				CLANG_ENABLE_OBJC_ARC = YES;
				CLANG_ENABLE_OBJC_WEAK = YES;
				CLANG_WARN_BLOCK_CAPTURE_AUTORELEASING = YES;
				CLANG_WARN_BOOL_CONVERSION = YES;
				CLANG_WARN_COMMA = YES;
				CLANG_WARN_CONSTANT_CONVERSION = YES;
				CLANG_WARN_DEPRECATED_OBJC_IMPLEMENTATIONS = YES;
				CLANG_WARN_DIRECT_OBJC_ISA_USAGE = YES_ERROR;
				CLANG_WARN_DOCUMENTATION_COMMENTS = YES;
				CLANG_WARN_EMPTY_BODY = YES;
				CLANG_WARN_ENUM_CONVERSION = YES;
				CLANG_WARN_INFINITE_RECURSION = YES;
				CLANG_WARN_INT_CONVERSION = YES;
				CLANG_WARN_NON_LITERAL_NULL_CONVERSION = YES;
				CLANG_WARN_OBJC_IMPLICIT_RETAIN_SELF = YES;
				CLANG_WARN_OBJC_LITERAL_CONVERSION = YES;
				CLANG_WARN_OBJC_ROOT_CLASS = YES_ERROR;
				CLANG_WARN_QUOTED_INCLUDE_IN_FRAMEWORK_HEADER = YES;
				CLANG_WARN_RANGE_LOOP_ANALYSIS = YES;
				CLANG_WARN_STRICT_PROTOTYPES = YES;
				CLANG_WARN_SUSPICIOUS_MOVE = YES;
				CLANG_WARN_UNGUARDED_AVAILABILITY = YES_AGGRESSIVE;
				CLANG_WARN_UNREACHABLE_CODE = YES;
				CLANG_WARN__DUPLICATE_METHOD_MATCH = YES;
				COPY_PHASE_STRIP = NO;
				DEBUG_INFORMATION_FORMAT = "dwarf-with-dsym";
				ENABLE_NS_ASSERTIONS = NO;
				ENABLE_STRICT_OBJC_MSGSEND = YES;
				GCC_C_LANGUAGE_STANDARD = gnu11;
				GCC_NO_COMMON_BLOCKS = YES;
				GCC_WARN_64_TO_32_BIT_CONVERSION = YES;
				GCC_WARN_ABOUT_RETURN_TYPE = YES_ERROR;
				GCC_WARN_UNDECLARED_SELECTOR = YES;
				GCC_WARN_UNINITIALIZED_AUTOS = YES_AGGRESSIVE;
				GCC_WARN_UNUSED_FUNCTION = YES;
				GCC_WARN_UNUSED_VARIABLE = YES;
				IPHONEOS_DEPLOYMENT_TARGET = 16.0;
				MTL_ENABLE_DEBUG_INFO = NO;
				MTL_FAST_MATH = YES;
				SDKROOT = iphoneos;
				SWIFT_COMPILATION_MODE = wholemodule;
				SWIFT_OPTIMIZATION_LEVEL = "-O";
				VALIDATE_PRODUCT = YES;
			};
			name = Release;
		};
		A124C4902956155E009C4BA3 /* Debug */ = {
			isa = XCBuildConfiguration;
			buildSettings = {
				ASSETCATALOG_COMPILER_APPICON_NAME = AppIcon;
				ASSETCATALOG_COMPILER_GLOBAL_ACCENT_COLOR_NAME = AccentColor;
				CODE_SIGN_STYLE = Automatic;
				CURRENT_PROJECT_VERSION = 1;
				DEVELOPMENT_TEAM = D8543K9P2C;
				GENERATE_INFOPLIST_FILE = YES;
				INFOPLIST_FILE = PhotoNotes/Info.plist;
				INFOPLIST_KEY_UIApplicationSupportsIndirectInputEvents = YES;
				INFOPLIST_KEY_UILaunchStoryboardName = LaunchScreen;
				INFOPLIST_KEY_UISupportedInterfaceOrientations_iPad = "UIInterfaceOrientationPortrait UIInterfaceOrientationPortraitUpsideDown UIInterfaceOrientationLandscapeLeft UIInterfaceOrientationLandscapeRight";
				INFOPLIST_KEY_UISupportedInterfaceOrientations_iPhone = "UIInterfaceOrientationPortrait UIInterfaceOrientationLandscapeLeft UIInterfaceOrientationLandscapeRight";
				LD_RUNPATH_SEARCH_PATHS = (
					"$(inherited)",
					"@executable_path/Frameworks",
				);
				MARKETING_VERSION = 1.0;
				PRODUCT_BUNDLE_IDENTIFIER = com.gumen.PhotoNotes;
				PRODUCT_NAME = "$(TARGET_NAME)";
				SWIFT_EMIT_LOC_STRINGS = YES;
				SWIFT_VERSION = 5.0;
				TARGETED_DEVICE_FAMILY = "1,2";
			};
			name = Debug;
		};
		A124C4912956155E009C4BA3 /* Release */ = {
			isa = XCBuildConfiguration;
			buildSettings = {
				ASSETCATALOG_COMPILER_APPICON_NAME = AppIcon;
				ASSETCATALOG_COMPILER_GLOBAL_ACCENT_COLOR_NAME = AccentColor;
				CODE_SIGN_STYLE = Automatic;
				CURRENT_PROJECT_VERSION = 1;
				DEVELOPMENT_TEAM = D8543K9P2C;
				GENERATE_INFOPLIST_FILE = YES;
				INFOPLIST_FILE = PhotoNotes/Info.plist;
				INFOPLIST_KEY_UIApplicationSupportsIndirectInputEvents = YES;
				INFOPLIST_KEY_UILaunchStoryboardName = LaunchScreen;
				INFOPLIST_KEY_UISupportedInterfaceOrientations_iPad = "UIInterfaceOrientationPortrait UIInterfaceOrientationPortraitUpsideDown UIInterfaceOrientationLandscapeLeft UIInterfaceOrientationLandscapeRight";
				INFOPLIST_KEY_UISupportedInterfaceOrientations_iPhone = "UIInterfaceOrientationPortrait UIInterfaceOrientationLandscapeLeft UIInterfaceOrientationLandscapeRight";
				LD_RUNPATH_SEARCH_PATHS = (
					"$(inherited)",
					"@executable_path/Frameworks",
				);
				MARKETING_VERSION = 1.0;
				PRODUCT_BUNDLE_IDENTIFIER = com.gumen.PhotoNotes;
				PRODUCT_NAME = "$(TARGET_NAME)";
				SWIFT_EMIT_LOC_STRINGS = YES;
				SWIFT_VERSION = 5.0;
				TARGETED_DEVICE_FAMILY = "1,2";
			};
			name = Release;
		};
/* End XCBuildConfiguration section */

/* Begin XCConfigurationList section */
		A124C4732956155D009C4BA3 /* Build configuration list for PBXProject "PhotoNotes" */ = {
			isa = XCConfigurationList;
			buildConfigurations = (
				A124C48D2956155E009C4BA3 /* Debug */,
				A124C48E2956155E009C4BA3 /* Release */,
			);
			defaultConfigurationIsVisible = 0;
			defaultConfigurationName = Release;
		};
		A124C48F2956155E009C4BA3 /* Build configuration list for PBXNativeTarget "PhotoNotes" */ = {
			isa = XCConfigurationList;
			buildConfigurations = (
				A124C4902956155E009C4BA3 /* Debug */,
				A124C4912956155E009C4BA3 /* Release */,
			);
			defaultConfigurationIsVisible = 0;
			defaultConfigurationName = Release;
		};
/* End XCConfigurationList section */

/* Begin XCVersionGroup section */
		A124C4842956155D009C4BA3 /* PhotoNotes.xcdatamodeld */ = {
			isa = XCVersionGroup;
			children = (
				A124C4852956155D009C4BA3 /* PhotoNotes.xcdatamodel */,
			);
			currentVersion = A124C4852956155D009C4BA3 /* PhotoNotes.xcdatamodel */;
			path = PhotoNotes.xcdatamodeld;
			sourceTree = "<group>";
			versionGroupType = wrapper.xcdatamodel;
		};
/* End XCVersionGroup section */
	};
	rootObject = A124C4702956155D009C4BA3 /* Project object */;
}
