// !$*UTF8*$!
{
	archiveVersion = 1;
	classes = {
	};
	objectVersion = 56;
	objects = {

/* Begin PBXBuildFile section */
		A102374B2956288100F1E841 /* GalleryViewModel.swift in Sources */ = {isa = PBXBuildFile; fileRef = A102374A2956288100F1E841 /* GalleryViewModel.swift */; };
		A102374D29562A9B00F1E841 /* GalleryGridView.swift in Sources */ = {isa = PBXBuildFile; fileRef = A102374C29562A9B00F1E841 /* GalleryGridView.swift */; };
		A102377329564B8400F1E841 /* DetailNoteView.swift in Sources */ = {isa = PBXBuildFile; fileRef = A102375329564B8400F1E841 /* DetailNoteView.swift */; };
		A102377629564B8400F1E841 /* ColumnStepper.swift in Sources */ = {isa = PBXBuildFile; fileRef = A102375629564B8400F1E841 /* ColumnStepper.swift */; };
		A102377729564B8400F1E841 /* groundSquirrel.jpg in Resources */ = {isa = PBXBuildFile; fileRef = A102375829564B8400F1E841 /* groundSquirrel.jpg */; };
		A102377829564B8400F1E841 /* yellowBelliedMarmot.jpg in Resources */ = {isa = PBXBuildFile; fileRef = A102375929564B8400F1E841 /* yellowBelliedMarmot.jpg */; };
		A102377929564B8400F1E841 /* bullTuleElkAndTwoFemales.jpg in Resources */ = {isa = PBXBuildFile; fileRef = A102375A29564B8400F1E841 /* bullTuleElkAndTwoFemales.jpg */; };
		A102377A29564B8400F1E841 /* soaringTheRainbow.jpg in Resources */ = {isa = PBXBuildFile; fileRef = A102375B29564B8400F1E841 /* soaringTheRainbow.jpg */; };
		A102377B29564B8400F1E841 /* harborSealPup.jpg in Resources */ = {isa = PBXBuildFile; fileRef = A102375C29564B8400F1E841 /* harborSealPup.jpg */; };
		A102377C29564B8400F1E841 /* grizzlyCubs.jpg in Resources */ = {isa = PBXBuildFile; fileRef = A102375D29564B8400F1E841 /* grizzlyCubs.jpg */; };
		A102377D29564B8400F1E841 /* redTailedHawk.jpg in Resources */ = {isa = PBXBuildFile; fileRef = A102375E29564B8400F1E841 /* redTailedHawk.jpg */; };
		A102377E29564B8400F1E841 /* doubleRainbowLowerMammoth.jpg in Resources */ = {isa = PBXBuildFile; fileRef = A102375F29564B8400F1E841 /* doubleRainbowLowerMammoth.jpg */; };
		A102377F29564B8400F1E841 /* newGrowthOfAntlers.jpg in Resources */ = {isa = PBXBuildFile; fileRef = A102376029564B8400F1E841 /* newGrowthOfAntlers.jpg */; };
		A102378029564B8400F1E841 /* harborSeal.jpg in Resources */ = {isa = PBXBuildFile; fileRef = A102376129564B8400F1E841 /* harborSeal.jpg */; };
		A102378129564B8400F1E841 /* sunriseAtGrottoGeyser.jpg in Resources */ = {isa = PBXBuildFile; fileRef = A102376229564B8400F1E841 /* sunriseAtGrottoGeyser.jpg */; };
		A102378229564B8400F1E841 /* owlsAtMammoth.jpg in Resources */ = {isa = PBXBuildFile; fileRef = A102376329564B8400F1E841 /* owlsAtMammoth.jpg */; };
		A102378329564B8400F1E841 /* heartSpring.jpg in Resources */ = {isa = PBXBuildFile; fileRef = A102376429564B8400F1E841 /* heartSpring.jpg */; };
		A102378429564B8400F1E841 /* bobcat.jpg in Resources */ = {isa = PBXBuildFile; fileRef = A102376529564B8400F1E841 /* bobcat.jpg */; };
		A102378529564B8400F1E841 /* doubleRainbowYellowstone.jpg in Resources */ = {isa = PBXBuildFile; fileRef = A102376629564B8400F1E841 /* doubleRainbowYellowstone.jpg */; };
		A102378629564B8400F1E841 /* bullElk.jpg in Resources */ = {isa = PBXBuildFile; fileRef = A102376729564B8400F1E841 /* bullElk.jpg */; };
		A102378729564B8400F1E841 /* coyoteAndBison.jpg in Resources */ = {isa = PBXBuildFile; fileRef = A102376829564B8400F1E841 /* coyoteAndBison.jpg */; };
		A102378829564B8400F1E841 /* riverOtter.jpg in Resources */ = {isa = PBXBuildFile; fileRef = A102376929564B8400F1E841 /* riverOtter.jpg */; };
		A102378929564B8400F1E841 /* bullElkSparring.jpg in Resources */ = {isa = PBXBuildFile; fileRef = A102376A29564B8400F1E841 /* bullElkSparring.jpg */; };
		A102378A29564B8400F1E841 /* grizzly.jpg in Resources */ = {isa = PBXBuildFile; fileRef = A102376B29564B8400F1E841 /* grizzly.jpg */; };
		A102378B29564B8400F1E841 /* towerCreekBASIN.jpg in Resources */ = {isa = PBXBuildFile; fileRef = A102376C29564B8400F1E841 /* towerCreekBASIN.jpg */; };
		A102378C29564B8400F1E841 /* rainbowAndBadlands.jpg in Resources */ = {isa = PBXBuildFile; fileRef = A102376D29564B8400F1E841 /* rainbowAndBadlands.jpg */; };
		A102378D29564B8400F1E841 /* FileManagerExtensions.swift in Sources */ = {isa = PBXBuildFile; fileRef = A102376E29564B8400F1E841 /* FileManagerExtensions.swift */; };
		A102378E29564B8400F1E841 /* NoteGridCell.swift in Sources */ = {isa = PBXBuildFile; fileRef = A102376F29564B8400F1E841 /* NoteGridCell.swift */; };
		A102379029564B8400F1E841 /* PhotoPicker.swift in Sources */ = {isa = PBXBuildFile; fileRef = A102377129564B8400F1E841 /* PhotoPicker.swift */; };
		A114E2A82955CEED003DDC02 /* FontManager.swift in Sources */ = {isa = PBXBuildFile; fileRef = A114E2A72955CEED003DDC02 /* FontManager.swift */; };
		A114E2AD2955D034003DDC02 /* Manrope-Regular.ttf in Resources */ = {isa = PBXBuildFile; fileRef = A114E2AA2955D034003DDC02 /* Manrope-Regular.ttf */; };
		A114E2AE2955D034003DDC02 /* Manrope-Light.ttf in Resources */ = {isa = PBXBuildFile; fileRef = A114E2AB2955D034003DDC02 /* Manrope-Light.ttf */; };
		A114E2AF2955D034003DDC02 /* Manrope-Bold.ttf in Resources */ = {isa = PBXBuildFile; fileRef = A114E2AC2955D034003DDC02 /* Manrope-Bold.ttf */; };
		A124C4632955E897009C4BA3 /* GalleryCoordinator.swift in Sources */ = {isa = PBXBuildFile; fileRef = A124C4622955E897009C4BA3 /* GalleryCoordinator.swift */; };
		A124C46A2955E8E6009C4BA3 /* CoordinatorProtocol.swift in Sources */ = {isa = PBXBuildFile; fileRef = A124C4672955E8E6009C4BA3 /* CoordinatorProtocol.swift */; };
		A124C46C2955E93E009C4BA3 /* AppNavigationView.swift in Sources */ = {isa = PBXBuildFile; fileRef = A124C46B2955E93E009C4BA3 /* AppNavigationView.swift */; };
		A124C46E2955E98D009C4BA3 /* AppCoordinator.swift in Sources */ = {isa = PBXBuildFile; fileRef = A124C46D2955E98D009C4BA3 /* AppCoordinator.swift */; };
		A133781A294FA68D0075A289 /* PhotoNote.swift in Sources */ = {isa = PBXBuildFile; fileRef = A1337819294FA68D0075A289 /* PhotoNote.swift */; };
		A133781C294FA9CF0075A289 /* Date+Extensions.swift in Sources */ = {isa = PBXBuildFile; fileRef = A133781B294FA9CF0075A289 /* Date+Extensions.swift */; };
		A133781F294FACDF0075A289 /* PhotoNotes.xcdatamodeld in Sources */ = {isa = PBXBuildFile; fileRef = A133781D294FACDF0075A289 /* PhotoNotes.xcdatamodeld */; };
		A1337821294FCCC90075A289 /* PersistenceErrors.swift in Sources */ = {isa = PBXBuildFile; fileRef = A1337820294FCCC90075A289 /* PersistenceErrors.swift */; };
		A1337824294FE1B90075A289 /* ColorScheme.swift in Sources */ = {isa = PBXBuildFile; fileRef = A1337822294FE1B90075A289 /* ColorScheme.swift */; };
		A1337825294FE1B90075A289 /* TrimmedWrapper.swift in Sources */ = {isa = PBXBuildFile; fileRef = A1337823294FE1B90075A289 /* TrimmedWrapper.swift */; };
		A13428A72945FB1800BFA87C /* PhotoNotesApp.swift in Sources */ = {isa = PBXBuildFile; fileRef = A13428A62945FB1800BFA87C /* PhotoNotesApp.swift */; };
		A13428AB2945FB1900BFA87C /* Assets.xcassets in Resources */ = {isa = PBXBuildFile; fileRef = A13428AA2945FB1900BFA87C /* Assets.xcassets */; };
		A13428AE2945FB1900BFA87C /* Preview Assets.xcassets in Resources */ = {isa = PBXBuildFile; fileRef = A13428AD2945FB1900BFA87C /* Preview Assets.xcassets */; };
		A13428B02945FB1900BFA87C /* Persistence.swift in Sources */ = {isa = PBXBuildFile; fileRef = A13428AF2945FB1900BFA87C /* Persistence.swift */; };
		A192F89529568CDC00E47202 /* DetailNoteViewModel.swift in Sources */ = {isa = PBXBuildFile; fileRef = A192F89429568CDC00E47202 /* DetailNoteViewModel.swift */; };
/* End PBXBuildFile section */

/* Begin PBXFileReference section */
		A102374A2956288100F1E841 /* GalleryViewModel.swift */ = {isa = PBXFileReference; lastKnownFileType = sourcecode.swift; path = GalleryViewModel.swift; sourceTree = "<group>"; };
		A102374C29562A9B00F1E841 /* GalleryGridView.swift */ = {isa = PBXFileReference; lastKnownFileType = sourcecode.swift; path = GalleryGridView.swift; sourceTree = "<group>"; };
		A102375329564B8400F1E841 /* DetailNoteView.swift */ = {isa = PBXFileReference; fileEncoding = 4; lastKnownFileType = sourcecode.swift; path = DetailNoteView.swift; sourceTree = "<group>"; };
		A102375629564B8400F1E841 /* ColumnStepper.swift */ = {isa = PBXFileReference; fileEncoding = 4; lastKnownFileType = sourcecode.swift; path = ColumnStepper.swift; sourceTree = "<group>"; };
		A102375829564B8400F1E841 /* groundSquirrel.jpg */ = {isa = PBXFileReference; lastKnownFileType = image.jpeg; path = groundSquirrel.jpg; sourceTree = "<group>"; };
		A102375929564B8400F1E841 /* yellowBelliedMarmot.jpg */ = {isa = PBXFileReference; lastKnownFileType = image.jpeg; path = yellowBelliedMarmot.jpg; sourceTree = "<group>"; };
		A102375A29564B8400F1E841 /* bullTuleElkAndTwoFemales.jpg */ = {isa = PBXFileReference; lastKnownFileType = image.jpeg; path = bullTuleElkAndTwoFemales.jpg; sourceTree = "<group>"; };
		A102375B29564B8400F1E841 /* soaringTheRainbow.jpg */ = {isa = PBXFileReference; lastKnownFileType = image.jpeg; path = soaringTheRainbow.jpg; sourceTree = "<group>"; };
		A102375C29564B8400F1E841 /* harborSealPup.jpg */ = {isa = PBXFileReference; lastKnownFileType = image.jpeg; path = harborSealPup.jpg; sourceTree = "<group>"; };
		A102375D29564B8400F1E841 /* grizzlyCubs.jpg */ = {isa = PBXFileReference; lastKnownFileType = image.jpeg; path = grizzlyCubs.jpg; sourceTree = "<group>"; };
		A102375E29564B8400F1E841 /* redTailedHawk.jpg */ = {isa = PBXFileReference; lastKnownFileType = image.jpeg; path = redTailedHawk.jpg; sourceTree = "<group>"; };
		A102375F29564B8400F1E841 /* doubleRainbowLowerMammoth.jpg */ = {isa = PBXFileReference; lastKnownFileType = image.jpeg; path = doubleRainbowLowerMammoth.jpg; sourceTree = "<group>"; };
		A102376029564B8400F1E841 /* newGrowthOfAntlers.jpg */ = {isa = PBXFileReference; lastKnownFileType = image.jpeg; path = newGrowthOfAntlers.jpg; sourceTree = "<group>"; };
		A102376129564B8400F1E841 /* harborSeal.jpg */ = {isa = PBXFileReference; lastKnownFileType = image.jpeg; path = harborSeal.jpg; sourceTree = "<group>"; };
		A102376229564B8400F1E841 /* sunriseAtGrottoGeyser.jpg */ = {isa = PBXFileReference; lastKnownFileType = image.jpeg; path = sunriseAtGrottoGeyser.jpg; sourceTree = "<group>"; };
		A102376329564B8400F1E841 /* owlsAtMammoth.jpg */ = {isa = PBXFileReference; lastKnownFileType = image.jpeg; path = owlsAtMammoth.jpg; sourceTree = "<group>"; };
		A102376429564B8400F1E841 /* heartSpring.jpg */ = {isa = PBXFileReference; lastKnownFileType = image.jpeg; path = heartSpring.jpg; sourceTree = "<group>"; };
		A102376529564B8400F1E841 /* bobcat.jpg */ = {isa = PBXFileReference; lastKnownFileType = image.jpeg; path = bobcat.jpg; sourceTree = "<group>"; };
		A102376629564B8400F1E841 /* doubleRainbowYellowstone.jpg */ = {isa = PBXFileReference; lastKnownFileType = image.jpeg; path = doubleRainbowYellowstone.jpg; sourceTree = "<group>"; };
		A102376729564B8400F1E841 /* bullElk.jpg */ = {isa = PBXFileReference; lastKnownFileType = image.jpeg; path = bullElk.jpg; sourceTree = "<group>"; };
		A102376829564B8400F1E841 /* coyoteAndBison.jpg */ = {isa = PBXFileReference; lastKnownFileType = image.jpeg; path = coyoteAndBison.jpg; sourceTree = "<group>"; };
		A102376929564B8400F1E841 /* riverOtter.jpg */ = {isa = PBXFileReference; lastKnownFileType = image.jpeg; path = riverOtter.jpg; sourceTree = "<group>"; };
		A102376A29564B8400F1E841 /* bullElkSparring.jpg */ = {isa = PBXFileReference; lastKnownFileType = image.jpeg; path = bullElkSparring.jpg; sourceTree = "<group>"; };
		A102376B29564B8400F1E841 /* grizzly.jpg */ = {isa = PBXFileReference; lastKnownFileType = image.jpeg; path = grizzly.jpg; sourceTree = "<group>"; };
		A102376C29564B8400F1E841 /* towerCreekBASIN.jpg */ = {isa = PBXFileReference; lastKnownFileType = image.jpeg; path = towerCreekBASIN.jpg; sourceTree = "<group>"; };
		A102376D29564B8400F1E841 /* rainbowAndBadlands.jpg */ = {isa = PBXFileReference; lastKnownFileType = image.jpeg; path = rainbowAndBadlands.jpg; sourceTree = "<group>"; };
		A102376E29564B8400F1E841 /* FileManagerExtensions.swift */ = {isa = PBXFileReference; fileEncoding = 4; lastKnownFileType = sourcecode.swift; path = FileManagerExtensions.swift; sourceTree = "<group>"; };
		A102376F29564B8400F1E841 /* NoteGridCell.swift */ = {isa = PBXFileReference; fileEncoding = 4; lastKnownFileType = sourcecode.swift; path = NoteGridCell.swift; sourceTree = "<group>"; };
		A102377129564B8400F1E841 /* PhotoPicker.swift */ = {isa = PBXFileReference; fileEncoding = 4; lastKnownFileType = sourcecode.swift; path = PhotoPicker.swift; sourceTree = "<group>"; };
		A114E2A72955CEED003DDC02 /* FontManager.swift */ = {isa = PBXFileReference; fileEncoding = 4; lastKnownFileType = sourcecode.swift; path = FontManager.swift; sourceTree = "<group>"; };
		A114E2AA2955D034003DDC02 /* Manrope-Regular.ttf */ = {isa = PBXFileReference; lastKnownFileType = file; path = "Manrope-Regular.ttf"; sourceTree = "<group>"; };
		A114E2AB2955D034003DDC02 /* Manrope-Light.ttf */ = {isa = PBXFileReference; lastKnownFileType = file; path = "Manrope-Light.ttf"; sourceTree = "<group>"; };
		A114E2AC2955D034003DDC02 /* Manrope-Bold.ttf */ = {isa = PBXFileReference; lastKnownFileType = file; path = "Manrope-Bold.ttf"; sourceTree = "<group>"; };
		A114E2B02955D05D003DDC02 /* Info.plist */ = {isa = PBXFileReference; lastKnownFileType = text.plist; path = Info.plist; sourceTree = "<group>"; };
		A124C4622955E897009C4BA3 /* GalleryCoordinator.swift */ = {isa = PBXFileReference; fileEncoding = 4; lastKnownFileType = sourcecode.swift; path = GalleryCoordinator.swift; sourceTree = "<group>"; };
		A124C4672955E8E6009C4BA3 /* CoordinatorProtocol.swift */ = {isa = PBXFileReference; fileEncoding = 4; lastKnownFileType = sourcecode.swift; path = CoordinatorProtocol.swift; sourceTree = "<group>"; };
		A124C46B2955E93E009C4BA3 /* AppNavigationView.swift */ = {isa = PBXFileReference; fileEncoding = 4; lastKnownFileType = sourcecode.swift; path = AppNavigationView.swift; sourceTree = "<group>"; };
		A124C46D2955E98D009C4BA3 /* AppCoordinator.swift */ = {isa = PBXFileReference; fileEncoding = 4; lastKnownFileType = sourcecode.swift; path = AppCoordinator.swift; sourceTree = "<group>"; };
		A1337819294FA68D0075A289 /* PhotoNote.swift */ = {isa = PBXFileReference; fileEncoding = 4; lastKnownFileType = sourcecode.swift; path = PhotoNote.swift; sourceTree = "<group>"; };
		A133781B294FA9CF0075A289 /* Date+Extensions.swift */ = {isa = PBXFileReference; lastKnownFileType = sourcecode.swift; path = "Date+Extensions.swift"; sourceTree = "<group>"; };
		A133781E294FACDF0075A289 /* PhotoNotes.xcdatamodel */ = {isa = PBXFileReference; lastKnownFileType = wrapper.xcdatamodel; path = PhotoNotes.xcdatamodel; sourceTree = "<group>"; };
		A1337820294FCCC90075A289 /* PersistenceErrors.swift */ = {isa = PBXFileReference; lastKnownFileType = sourcecode.swift; path = PersistenceErrors.swift; sourceTree = "<group>"; };
		A1337822294FE1B90075A289 /* ColorScheme.swift */ = {isa = PBXFileReference; fileEncoding = 4; lastKnownFileType = sourcecode.swift; path = ColorScheme.swift; sourceTree = "<group>"; };
		A1337823294FE1B90075A289 /* TrimmedWrapper.swift */ = {isa = PBXFileReference; fileEncoding = 4; lastKnownFileType = sourcecode.swift; path = TrimmedWrapper.swift; sourceTree = "<group>"; };
		A13428A32945FB1800BFA87C /* PhotoNotes.app */ = {isa = PBXFileReference; explicitFileType = wrapper.application; includeInIndex = 0; path = PhotoNotes.app; sourceTree = BUILT_PRODUCTS_DIR; };
		A13428A62945FB1800BFA87C /* PhotoNotesApp.swift */ = {isa = PBXFileReference; lastKnownFileType = sourcecode.swift; path = PhotoNotesApp.swift; sourceTree = "<group>"; };
		A13428AA2945FB1900BFA87C /* Assets.xcassets */ = {isa = PBXFileReference; lastKnownFileType = folder.assetcatalog; path = Assets.xcassets; sourceTree = "<group>"; };
		A13428AD2945FB1900BFA87C /* Preview Assets.xcassets */ = {isa = PBXFileReference; lastKnownFileType = folder.assetcatalog; path = "Preview Assets.xcassets"; sourceTree = "<group>"; };
		A13428AF2945FB1900BFA87C /* Persistence.swift */ = {isa = PBXFileReference; lastKnownFileType = sourcecode.swift; path = Persistence.swift; sourceTree = "<group>"; };
		A192F89429568CDC00E47202 /* DetailNoteViewModel.swift */ = {isa = PBXFileReference; lastKnownFileType = sourcecode.swift; path = DetailNoteViewModel.swift; sourceTree = "<group>"; };
/* End PBXFileReference section */

/* Begin PBXFrameworksBuildPhase section */
		A13428A02945FB1800BFA87C /* Frameworks */ = {
			isa = PBXFrameworksBuildPhase;
			buildActionMask = 2147483647;
			files = (
			);
			runOnlyForDeploymentPostprocessing = 0;
		};
/* End PBXFrameworksBuildPhase section */

/* Begin PBXGroup section */
		A102375729564B8400F1E841 /* Images */ = {
			isa = PBXGroup;
			children = (
				A102375829564B8400F1E841 /* groundSquirrel.jpg */,
				A102375929564B8400F1E841 /* yellowBelliedMarmot.jpg */,
				A102375A29564B8400F1E841 /* bullTuleElkAndTwoFemales.jpg */,
				A102375B29564B8400F1E841 /* soaringTheRainbow.jpg */,
				A102375C29564B8400F1E841 /* harborSealPup.jpg */,
				A102375D29564B8400F1E841 /* grizzlyCubs.jpg */,
				A102375E29564B8400F1E841 /* redTailedHawk.jpg */,
				A102375F29564B8400F1E841 /* doubleRainbowLowerMammoth.jpg */,
				A102376029564B8400F1E841 /* newGrowthOfAntlers.jpg */,
				A102376129564B8400F1E841 /* harborSeal.jpg */,
				A102376229564B8400F1E841 /* sunriseAtGrottoGeyser.jpg */,
				A102376329564B8400F1E841 /* owlsAtMammoth.jpg */,
				A102376429564B8400F1E841 /* heartSpring.jpg */,
				A102376529564B8400F1E841 /* bobcat.jpg */,
				A102376629564B8400F1E841 /* doubleRainbowYellowstone.jpg */,
				A102376729564B8400F1E841 /* bullElk.jpg */,
				A102376829564B8400F1E841 /* coyoteAndBison.jpg */,
				A102376929564B8400F1E841 /* riverOtter.jpg */,
				A102376A29564B8400F1E841 /* bullElkSparring.jpg */,
				A102376B29564B8400F1E841 /* grizzly.jpg */,
				A102376C29564B8400F1E841 /* towerCreekBASIN.jpg */,
				A102376D29564B8400F1E841 /* rainbowAndBadlands.jpg */,
			);
			path = Images;
			sourceTree = "<group>";
		};
		A10237922956513100F1E841 /* NoteScreen */ = {
			isa = PBXGroup;
			children = (
				A192F89429568CDC00E47202 /* DetailNoteViewModel.swift */,
				A102375329564B8400F1E841 /* DetailNoteView.swift */,
				A102377129564B8400F1E841 /* PhotoPicker.swift */,
			);
			path = NoteScreen;
			sourceTree = "<group>";
		};
		A114E2A92955D034003DDC02 /* Manrope */ = {
			isa = PBXGroup;
			children = (
				A114E2AA2955D034003DDC02 /* Manrope-Regular.ttf */,
				A114E2AB2955D034003DDC02 /* Manrope-Light.ttf */,
				A114E2AC2955D034003DDC02 /* Manrope-Bold.ttf */,
			);
			path = Manrope;
			sourceTree = "<group>";
		};
		A114E2B12955D0CB003DDC02 /* Fonts */ = {
			isa = PBXGroup;
			children = (
				A114E2A92955D034003DDC02 /* Manrope */,
				A114E2A72955CEED003DDC02 /* FontManager.swift */,
			);
			path = Fonts;
			sourceTree = "<group>";
		};
		A124C4612955E897009C4BA3 /* GalleryScreen */ = {
			isa = PBXGroup;
			children = (
				A102374A2956288100F1E841 /* GalleryViewModel.swift */,
				A102374C29562A9B00F1E841 /* GalleryGridView.swift */,
				A102376F29564B8400F1E841 /* NoteGridCell.swift */,
				A102375629564B8400F1E841 /* ColumnStepper.swift */,
			);
			path = GalleryScreen;
			sourceTree = "<group>";
		};
		A133782629511E540075A289 /* App */ = {
			isa = PBXGroup;
			children = (
				A124C46D2955E98D009C4BA3 /* AppCoordinator.swift */,
				A124C46B2955E93E009C4BA3 /* AppNavigationView.swift */,
				A13428A62945FB1800BFA87C /* PhotoNotesApp.swift */,
			);
			path = App;
			sourceTree = "<group>";
		};
		A134289A2945FB1800BFA87C = {
			isa = PBXGroup;
			children = (
				A13428A52945FB1800BFA87C /* PhotoNotes */,
				A13428A42945FB1800BFA87C /* Products */,
			);
			sourceTree = "<group>";
		};
		A13428A42945FB1800BFA87C /* Products */ = {
			isa = PBXGroup;
			children = (
				A13428A32945FB1800BFA87C /* PhotoNotes.app */,
			);
			name = Products;
			sourceTree = "<group>";
		};
		A13428A52945FB1800BFA87C /* PhotoNotes */ = {
			isa = PBXGroup;
			children = (
				A114E2B02955D05D003DDC02 /* Info.plist */,
				A133782629511E540075A289 /* App */,
				A16E77C0294F980E0067C66E /* Assets */,
				A16E77BF294F97F10067C66E /* DB */,
				A16E77BE294F97E50067C66E /* Flows */,
				A16E77BD294F97DB0067C66E /* Helpers */,
			);
			path = PhotoNotes;
			sourceTree = "<group>";
		};
		A13428AC2945FB1900BFA87C /* Preview Content */ = {
			isa = PBXGroup;
			children = (
				A13428AD2945FB1900BFA87C /* Preview Assets.xcassets */,
			);
			path = "Preview Content";
			sourceTree = "<group>";
		};
		A16E77BD294F97DB0067C66E /* Helpers */ = {
			isa = PBXGroup;
			children = (
				A102376E29564B8400F1E841 /* FileManagerExtensions.swift */,
				A133781B294FA9CF0075A289 /* Date+Extensions.swift */,
				A1337822294FE1B90075A289 /* ColorScheme.swift */,
				A1337823294FE1B90075A289 /* TrimmedWrapper.swift */,
			);
			path = Helpers;
			sourceTree = "<group>";
		};
		A16E77BE294F97E50067C66E /* Flows */ = {
			isa = PBXGroup;
			children = (
				A124C4672955E8E6009C4BA3 /* CoordinatorProtocol.swift */,
				A16E77C1294F98350067C66E /* Gallery */,
			);
			path = Flows;
			sourceTree = "<group>";
		};
		A16E77BF294F97F10067C66E /* DB */ = {
			isa = PBXGroup;
			children = (
				A1337819294FA68D0075A289 /* PhotoNote.swift */,
				A13428AF2945FB1900BFA87C /* Persistence.swift */,
				A133781D294FACDF0075A289 /* PhotoNotes.xcdatamodeld */,
				A1337820294FCCC90075A289 /* PersistenceErrors.swift */,
			);
			path = DB;
			sourceTree = "<group>";
		};
		A16E77C0294F980E0067C66E /* Assets */ = {
			isa = PBXGroup;
			children = (
				A102375729564B8400F1E841 /* Images */,
				A114E2B12955D0CB003DDC02 /* Fonts */,
				A13428AA2945FB1900BFA87C /* Assets.xcassets */,
				A13428AC2945FB1900BFA87C /* Preview Content */,
			);
			path = Assets;
			sourceTree = "<group>";
		};
		A16E77C1294F98350067C66E /* Gallery */ = {
			isa = PBXGroup;
			children = (
				A124C4622955E897009C4BA3 /* GalleryCoordinator.swift */,
				A124C4612955E897009C4BA3 /* GalleryScreen */,
				A10237922956513100F1E841 /* NoteScreen */,
			);
			path = Gallery;
			sourceTree = "<group>";
		};
/* End PBXGroup section */

/* Begin PBXNativeTarget section */
		A13428A22945FB1800BFA87C /* PhotoNotes */ = {
			isa = PBXNativeTarget;
			buildConfigurationList = A13428B62945FB1900BFA87C /* Build configuration list for PBXNativeTarget "PhotoNotes" */;
			buildPhases = (
				A134289F2945FB1800BFA87C /* Sources */,
				A13428A02945FB1800BFA87C /* Frameworks */,
				A13428A12945FB1800BFA87C /* Resources */,
			);
			buildRules = (
			);
			dependencies = (
			);
			name = PhotoNotes;
			productName = PhotoNotes;
			productReference = A13428A32945FB1800BFA87C /* PhotoNotes.app */;
			productType = "com.apple.product-type.application";
		};
/* End PBXNativeTarget section */

/* Begin PBXProject section */
		A134289B2945FB1800BFA87C /* Project object */ = {
			isa = PBXProject;
			attributes = {
				BuildIndependentTargetsInParallel = 1;
				LastSwiftUpdateCheck = 1400;
				LastUpgradeCheck = 1400;
				TargetAttributes = {
					A13428A22945FB1800BFA87C = {
						CreatedOnToolsVersion = 14.0.1;
					};
				};
			};
			buildConfigurationList = A134289E2945FB1800BFA87C /* Build configuration list for PBXProject "PhotoNotes" */;
			compatibilityVersion = "Xcode 14.0";
			developmentRegion = en;
			hasScannedForEncodings = 0;
			knownRegions = (
				en,
				Base,
			);
			mainGroup = A134289A2945FB1800BFA87C;
			productRefGroup = A13428A42945FB1800BFA87C /* Products */;
			projectDirPath = "";
			projectRoot = "";
			targets = (
				A13428A22945FB1800BFA87C /* PhotoNotes */,
			);
		};
/* End PBXProject section */

/* Begin PBXResourcesBuildPhase section */
		A13428A12945FB1800BFA87C /* Resources */ = {
			isa = PBXResourcesBuildPhase;
			buildActionMask = 2147483647;
			files = (
				A102378229564B8400F1E841 /* owlsAtMammoth.jpg in Resources */,
				A114E2AE2955D034003DDC02 /* Manrope-Light.ttf in Resources */,
				A102378829564B8400F1E841 /* riverOtter.jpg in Resources */,
				A114E2AF2955D034003DDC02 /* Manrope-Bold.ttf in Resources */,
				A102377C29564B8400F1E841 /* grizzlyCubs.jpg in Resources */,
				A102377929564B8400F1E841 /* bullTuleElkAndTwoFemales.jpg in Resources */,
				A102378329564B8400F1E841 /* heartSpring.jpg in Resources */,
				A102378129564B8400F1E841 /* sunriseAtGrottoGeyser.jpg in Resources */,
				A13428AE2945FB1900BFA87C /* Preview Assets.xcassets in Resources */,
				A102377729564B8400F1E841 /* groundSquirrel.jpg in Resources */,
				A102378529564B8400F1E841 /* doubleRainbowYellowstone.jpg in Resources */,
				A102378A29564B8400F1E841 /* grizzly.jpg in Resources */,
				A102377829564B8400F1E841 /* yellowBelliedMarmot.jpg in Resources */,
				A102378429564B8400F1E841 /* bobcat.jpg in Resources */,
				A102377A29564B8400F1E841 /* soaringTheRainbow.jpg in Resources */,
				A13428AB2945FB1900BFA87C /* Assets.xcassets in Resources */,
				A102378729564B8400F1E841 /* coyoteAndBison.jpg in Resources */,
				A102377D29564B8400F1E841 /* redTailedHawk.jpg in Resources */,
				A102377B29564B8400F1E841 /* harborSealPup.jpg in Resources */,
				A102378C29564B8400F1E841 /* rainbowAndBadlands.jpg in Resources */,
				A102377E29564B8400F1E841 /* doubleRainbowLowerMammoth.jpg in Resources */,
				A102378929564B8400F1E841 /* bullElkSparring.jpg in Resources */,
				A102377F29564B8400F1E841 /* newGrowthOfAntlers.jpg in Resources */,
				A114E2AD2955D034003DDC02 /* Manrope-Regular.ttf in Resources */,
				A102378029564B8400F1E841 /* harborSeal.jpg in Resources */,
				A102378B29564B8400F1E841 /* towerCreekBASIN.jpg in Resources */,
				A102378629564B8400F1E841 /* bullElk.jpg in Resources */,
			);
			runOnlyForDeploymentPostprocessing = 0;
		};
/* End PBXResourcesBuildPhase section */

/* Begin PBXSourcesBuildPhase section */
		A134289F2945FB1800BFA87C /* Sources */ = {
			isa = PBXSourcesBuildPhase;
			buildActionMask = 2147483647;
			files = (
				A102377329564B8400F1E841 /* DetailNoteView.swift in Sources */,
				A124C46A2955E8E6009C4BA3 /* CoordinatorProtocol.swift in Sources */,
				A102374B2956288100F1E841 /* GalleryViewModel.swift in Sources */,
				A1337824294FE1B90075A289 /* ColorScheme.swift in Sources */,
				A1337825294FE1B90075A289 /* TrimmedWrapper.swift in Sources */,
				A13428B02945FB1900BFA87C /* Persistence.swift in Sources */,
				A1337821294FCCC90075A289 /* PersistenceErrors.swift in Sources */,
				A102377629564B8400F1E841 /* ColumnStepper.swift in Sources */,
				A102374D29562A9B00F1E841 /* GalleryGridView.swift in Sources */,
				A124C46E2955E98D009C4BA3 /* AppCoordinator.swift in Sources */,
				A133781F294FACDF0075A289 /* PhotoNotes.xcdatamodeld in Sources */,
				A192F89529568CDC00E47202 /* DetailNoteViewModel.swift in Sources */,
				A124C4632955E897009C4BA3 /* GalleryCoordinator.swift in Sources */,
				A102378E29564B8400F1E841 /* NoteGridCell.swift in Sources */,
				A133781A294FA68D0075A289 /* PhotoNote.swift in Sources */,
				A124C46C2955E93E009C4BA3 /* AppNavigationView.swift in Sources */,
				A13428A72945FB1800BFA87C /* PhotoNotesApp.swift in Sources */,
				A102378D29564B8400F1E841 /* FileManagerExtensions.swift in Sources */,
				A114E2A82955CEED003DDC02 /* FontManager.swift in Sources */,
				A102379029564B8400F1E841 /* PhotoPicker.swift in Sources */,
				A133781C294FA9CF0075A289 /* Date+Extensions.swift in Sources */,
			);
			runOnlyForDeploymentPostprocessing = 0;
		};
/* End PBXSourcesBuildPhase section */

/* Begin XCBuildConfiguration section */
		A13428B42945FB1900BFA87C /* Debug */ = {
			isa = XCBuildConfiguration;
			buildSettings = {
				ALWAYS_SEARCH_USER_PATHS = NO;
				CLANG_ANALYZER_NONNULL = YES;
				CLANG_ANALYZER_NUMBER_OBJECT_CONVERSION = YES_AGGRESSIVE;
				CLANG_CXX_LANGUAGE_STANDARD = "gnu++20";
				CLANG_ENABLE_MODULES = YES;
				CLANG_ENABLE_OBJC_ARC = YES;
				CLANG_ENABLE_OBJC_WEAK = YES;
				CLANG_WARN_BLOCK_CAPTURE_AUTORELEASING = YES;
				CLANG_WARN_BOOL_CONVERSION = YES;
				CLANG_WARN_COMMA = YES;
				CLANG_WARN_CONSTANT_CONVERSION = YES;
				CLANG_WARN_DEPRECATED_OBJC_IMPLEMENTATIONS = YES;
				CLANG_WARN_DIRECT_OBJC_ISA_USAGE = YES_ERROR;
				CLANG_WARN_DOCUMENTATION_COMMENTS = YES;
				CLANG_WARN_EMPTY_BODY = YES;
				CLANG_WARN_ENUM_CONVERSION = YES;
				CLANG_WARN_INFINITE_RECURSION = YES;
				CLANG_WARN_INT_CONVERSION = YES;
				CLANG_WARN_NON_LITERAL_NULL_CONVERSION = YES;
				CLANG_WARN_OBJC_IMPLICIT_RETAIN_SELF = YES;
				CLANG_WARN_OBJC_LITERAL_CONVERSION = YES;
				CLANG_WARN_OBJC_ROOT_CLASS = YES_ERROR;
				CLANG_WARN_QUOTED_INCLUDE_IN_FRAMEWORK_HEADER = YES;
				CLANG_WARN_RANGE_LOOP_ANALYSIS = YES;
				CLANG_WARN_STRICT_PROTOTYPES = YES;
				CLANG_WARN_SUSPICIOUS_MOVE = YES;
				CLANG_WARN_UNGUARDED_AVAILABILITY = YES_AGGRESSIVE;
				CLANG_WARN_UNREACHABLE_CODE = YES;
				CLANG_WARN__DUPLICATE_METHOD_MATCH = YES;
				COPY_PHASE_STRIP = NO;
				DEBUG_INFORMATION_FORMAT = dwarf;
				ENABLE_STRICT_OBJC_MSGSEND = YES;
				ENABLE_TESTABILITY = YES;
				GCC_C_LANGUAGE_STANDARD = gnu11;
				GCC_DYNAMIC_NO_PIC = NO;
				GCC_NO_COMMON_BLOCKS = YES;
				GCC_OPTIMIZATION_LEVEL = 0;
				GCC_PREPROCESSOR_DEFINITIONS = (
					"DEBUG=1",
					"$(inherited)",
				);
				GCC_WARN_64_TO_32_BIT_CONVERSION = YES;
				GCC_WARN_ABOUT_RETURN_TYPE = YES_ERROR;
				GCC_WARN_UNDECLARED_SELECTOR = YES;
				GCC_WARN_UNINITIALIZED_AUTOS = YES_AGGRESSIVE;
				GCC_WARN_UNUSED_FUNCTION = YES;
				GCC_WARN_UNUSED_VARIABLE = YES;
				IPHONEOS_DEPLOYMENT_TARGET = 16.0;
				MTL_ENABLE_DEBUG_INFO = INCLUDE_SOURCE;
				MTL_FAST_MATH = YES;
				ONLY_ACTIVE_ARCH = YES;
				SDKROOT = iphoneos;
				SWIFT_ACTIVE_COMPILATION_CONDITIONS = DEBUG;
				SWIFT_OPTIMIZATION_LEVEL = "-Onone";
			};
			name = Debug;
		};
		A13428B52945FB1900BFA87C /* Release */ = {
			isa = XCBuildConfiguration;
			buildSettings = {
				ALWAYS_SEARCH_USER_PATHS = NO;
				CLANG_ANALYZER_NONNULL = YES;
				CLANG_ANALYZER_NUMBER_OBJECT_CONVERSION = YES_AGGRESSIVE;
				CLANG_CXX_LANGUAGE_STANDARD = "gnu++20";
				CLANG_ENABLE_MODULES = YES;
				CLANG_ENABLE_OBJC_ARC = YES;
				CLANG_ENABLE_OBJC_WEAK = YES;
				CLANG_WARN_BLOCK_CAPTURE_AUTORELEASING = YES;
				CLANG_WARN_BOOL_CONVERSION = YES;
				CLANG_WARN_COMMA = YES;
				CLANG_WARN_CONSTANT_CONVERSION = YES;
				CLANG_WARN_DEPRECATED_OBJC_IMPLEMENTATIONS = YES;
				CLANG_WARN_DIRECT_OBJC_ISA_USAGE = YES_ERROR;
				CLANG_WARN_DOCUMENTATION_COMMENTS = YES;
				CLANG_WARN_EMPTY_BODY = YES;
				CLANG_WARN_ENUM_CONVERSION = YES;
				CLANG_WARN_INFINITE_RECURSION = YES;
				CLANG_WARN_INT_CONVERSION = YES;
				CLANG_WARN_NON_LITERAL_NULL_CONVERSION = YES;
				CLANG_WARN_OBJC_IMPLICIT_RETAIN_SELF = YES;
				CLANG_WARN_OBJC_LITERAL_CONVERSION = YES;
				CLANG_WARN_OBJC_ROOT_CLASS = YES_ERROR;
				CLANG_WARN_QUOTED_INCLUDE_IN_FRAMEWORK_HEADER = YES;
				CLANG_WARN_RANGE_LOOP_ANALYSIS = YES;
				CLANG_WARN_STRICT_PROTOTYPES = YES;
				CLANG_WARN_SUSPICIOUS_MOVE = YES;
				CLANG_WARN_UNGUARDED_AVAILABILITY = YES_AGGRESSIVE;
				CLANG_WARN_UNREACHABLE_CODE = YES;
				CLANG_WARN__DUPLICATE_METHOD_MATCH = YES;
				COPY_PHASE_STRIP = NO;
				DEBUG_INFORMATION_FORMAT = "dwarf-with-dsym";
				ENABLE_NS_ASSERTIONS = NO;
				ENABLE_STRICT_OBJC_MSGSEND = YES;
				GCC_C_LANGUAGE_STANDARD = gnu11;
				GCC_NO_COMMON_BLOCKS = YES;
				GCC_WARN_64_TO_32_BIT_CONVERSION = YES;
				GCC_WARN_ABOUT_RETURN_TYPE = YES_ERROR;
				GCC_WARN_UNDECLARED_SELECTOR = YES;
				GCC_WARN_UNINITIALIZED_AUTOS = YES_AGGRESSIVE;
				GCC_WARN_UNUSED_FUNCTION = YES;
				GCC_WARN_UNUSED_VARIABLE = YES;
				IPHONEOS_DEPLOYMENT_TARGET = 16.0;
				MTL_ENABLE_DEBUG_INFO = NO;
				MTL_FAST_MATH = YES;
				SDKROOT = iphoneos;
				SWIFT_COMPILATION_MODE = wholemodule;
				SWIFT_OPTIMIZATION_LEVEL = "-O";
				VALIDATE_PRODUCT = YES;
			};
			name = Release;
		};
		A13428B72945FB1900BFA87C /* Debug */ = {
			isa = XCBuildConfiguration;
			buildSettings = {
				ASSETCATALOG_COMPILER_APPICON_NAME = AppIcon;
				ASSETCATALOG_COMPILER_GLOBAL_ACCENT_COLOR_NAME = AccentColor;
				CODE_SIGN_STYLE = Automatic;
				CURRENT_PROJECT_VERSION = 1;
				DEVELOPMENT_ASSET_PATHS = "\"PhotoNotes/Assets/Preview Content\"";
				DEVELOPMENT_TEAM = D8543K9P2C;
				ENABLE_PREVIEWS = YES;
				GENERATE_INFOPLIST_FILE = YES;
				INFOPLIST_FILE = PhotoNotes/Info.plist;
				INFOPLIST_KEY_UIApplicationSceneManifest_Generation = YES;
				INFOPLIST_KEY_UIApplicationSupportsIndirectInputEvents = YES;
				INFOPLIST_KEY_UILaunchScreen_Generation = YES;
				INFOPLIST_KEY_UISupportedInterfaceOrientations_iPad = "UIInterfaceOrientationPortrait UIInterfaceOrientationPortraitUpsideDown UIInterfaceOrientationLandscapeLeft UIInterfaceOrientationLandscapeRight";
				INFOPLIST_KEY_UISupportedInterfaceOrientations_iPhone = "UIInterfaceOrientationPortrait UIInterfaceOrientationLandscapeLeft UIInterfaceOrientationLandscapeRight";
				LD_RUNPATH_SEARCH_PATHS = (
					"$(inherited)",
					"@executable_path/Frameworks",
				);
				MARKETING_VERSION = 1.0;
				PRODUCT_BUNDLE_IDENTIFIER = com.gumen.PhotoNotes;
				PRODUCT_NAME = "$(TARGET_NAME)";
				SWIFT_EMIT_LOC_STRINGS = YES;
				SWIFT_VERSION = 5.0;
				TARGETED_DEVICE_FAMILY = "1,2";
			};
			name = Debug;
		};
		A13428B82945FB1900BFA87C /* Release */ = {
			isa = XCBuildConfiguration;
			buildSettings = {
				ASSETCATALOG_COMPILER_APPICON_NAME = AppIcon;
				ASSETCATALOG_COMPILER_GLOBAL_ACCENT_COLOR_NAME = AccentColor;
				CODE_SIGN_STYLE = Automatic;
				CURRENT_PROJECT_VERSION = 1;
				DEVELOPMENT_ASSET_PATHS = "\"PhotoNotes/Assets/Preview Content\"";
				DEVELOPMENT_TEAM = D8543K9P2C;
				ENABLE_PREVIEWS = YES;
				GENERATE_INFOPLIST_FILE = YES;
				INFOPLIST_FILE = PhotoNotes/Info.plist;
				INFOPLIST_KEY_UIApplicationSceneManifest_Generation = YES;
				INFOPLIST_KEY_UIApplicationSupportsIndirectInputEvents = YES;
				INFOPLIST_KEY_UILaunchScreen_Generation = YES;
				INFOPLIST_KEY_UISupportedInterfaceOrientations_iPad = "UIInterfaceOrientationPortrait UIInterfaceOrientationPortraitUpsideDown UIInterfaceOrientationLandscapeLeft UIInterfaceOrientationLandscapeRight";
				INFOPLIST_KEY_UISupportedInterfaceOrientations_iPhone = "UIInterfaceOrientationPortrait UIInterfaceOrientationLandscapeLeft UIInterfaceOrientationLandscapeRight";
				LD_RUNPATH_SEARCH_PATHS = (
					"$(inherited)",
					"@executable_path/Frameworks",
				);
				MARKETING_VERSION = 1.0;
				PRODUCT_BUNDLE_IDENTIFIER = com.gumen.PhotoNotes;
				PRODUCT_NAME = "$(TARGET_NAME)";
				SWIFT_EMIT_LOC_STRINGS = YES;
				SWIFT_VERSION = 5.0;
				TARGETED_DEVICE_FAMILY = "1,2";
			};
			name = Release;
		};
/* End XCBuildConfiguration section */

/* Begin XCConfigurationList section */
		A134289E2945FB1800BFA87C /* Build configuration list for PBXProject "PhotoNotes" */ = {
			isa = XCConfigurationList;
			buildConfigurations = (
				A13428B42945FB1900BFA87C /* Debug */,
				A13428B52945FB1900BFA87C /* Release */,
			);
			defaultConfigurationIsVisible = 0;
			defaultConfigurationName = Release;
		};
		A13428B62945FB1900BFA87C /* Build configuration list for PBXNativeTarget "PhotoNotes" */ = {
			isa = XCConfigurationList;
			buildConfigurations = (
				A13428B72945FB1900BFA87C /* Debug */,
				A13428B82945FB1900BFA87C /* Release */,
			);
			defaultConfigurationIsVisible = 0;
			defaultConfigurationName = Release;
		};
/* End XCConfigurationList section */

/* Begin XCVersionGroup section */
		A133781D294FACDF0075A289 /* PhotoNotes.xcdatamodeld */ = {
			isa = XCVersionGroup;
			children = (
				A133781E294FACDF0075A289 /* PhotoNotes.xcdatamodel */,
			);
			currentVersion = A133781E294FACDF0075A289 /* PhotoNotes.xcdatamodel */;
			path = PhotoNotes.xcdatamodeld;
			sourceTree = "<group>";
			versionGroupType = wrapper.xcdatamodel;
		};
/* End XCVersionGroup section */
	};
	rootObject = A134289B2945FB1800BFA87C /* Project object */;
}
